
Microsoft Visual Studio Solution File, Format Version 12.00
# Visual Studio 15
VisualStudioVersion = 15.0.28010.2050
MinimumVisualStudioVersion = 10.0.40219.1
Project("{FAE04EC0-301F-11D3-BF4B-00C04F79EFBC}") = "Nhom69MidTermDotNet", "Nhom69MidTermDotNet\Nhom69MidTermDotNet.csproj", "{8D4FDDD0-B595-43EE-B5FC-DB845FCE3F7B}"
EndProject
Global
	GlobalSection(SolutionConfigurationPlatforms) = preSolution
		Debug|Any CPU = Debug|Any CPU
		Release|Any CPU = Release|Any CPU
	EndGlobalSection
	GlobalSection(ProjectConfigurationPlatforms) = postSolution
		{8D4FDDD0-B595-43EE-B5FC-DB845FCE3F7B}.Debug|Any CPU.ActiveCfg = Debug|Any CPU
		{8D4FDDD0-B595-43EE-B5FC-DB845FCE3F7B}.Debug|Any CPU.Build.0 = Debug|Any CPU
		{8D4FDDD0-B595-43EE-B5FC-DB845FCE3F7B}.Release|Any CPU.ActiveCfg = Release|Any CPU
		{8D4FDDD0-B595-43EE-B5FC-DB845FCE3F7B}.Release|Any CPU.Build.0 = Release|Any CPU
	EndGlobalSection
	GlobalSection(SolutionProperties) = preSolution
		HideSolutionNode = FALSE
	EndGlobalSection
	GlobalSection(ExtensibilityGlobals) = postSolution
		SolutionGuid = {C3D85C91-EC2E-45F7-BD5E-0566BAE99C4A}
	EndGlobalSection
EndGlobal
